// !$*UTF8*$!
{
	archiveVersion = 1;
	classes = {
	};
	objectVersion = 55;
	objects = {

/* Begin PBXBuildFile section */
		8E52AA1929958CBF0043E156 /* Bucket_List_AppApp.swift in Sources */ = {isa = PBXBuildFile; fileRef = 8E52AA1829958CBF0043E156 /* Bucket_List_AppApp.swift */; };
		8E52AA1B29958CBF0043E156 /* ContentView.swift in Sources */ = {isa = PBXBuildFile; fileRef = 8E52AA1A29958CBF0043E156 /* ContentView.swift */; };
		8E52AA1D29958CC30043E156 /* Assets.xcassets in Resources */ = {isa = PBXBuildFile; fileRef = 8E52AA1C29958CC30043E156 /* Assets.xcassets */; };
		8E52AA2029958CC30043E156 /* Preview Assets.xcassets in Resources */ = {isa = PBXBuildFile; fileRef = 8E52AA1F29958CC30043E156 /* Preview Assets.xcassets */; };
		8E52AA2A29958CC30043E156 /* Bucket_List_AppTests.swift in Sources */ = {isa = PBXBuildFile; fileRef = 8E52AA2929958CC30043E156 /* Bucket_List_AppTests.swift */; };
		8E52AA3429958CC30043E156 /* Bucket_List_AppUITests.swift in Sources */ = {isa = PBXBuildFile; fileRef = 8E52AA3329958CC30043E156 /* Bucket_List_AppUITests.swift */; };
		8E52AA3629958CC30043E156 /* Bucket_List_AppUITestsLaunchTests.swift in Sources */ = {isa = PBXBuildFile; fileRef = 8E52AA3529958CC30043E156 /* Bucket_List_AppUITestsLaunchTests.swift */; };
		8E52AA4329958E0A0043E156 /* Location.swift in Sources */ = {isa = PBXBuildFile; fileRef = 8E52AA4229958E0A0043E156 /* Location.swift */; };
		8E52AA452995978C0043E156 /* EditView.swift in Sources */ = {isa = PBXBuildFile; fileRef = 8E52AA442995978C0043E156 /* EditView.swift */; };
/* End PBXBuildFile section */

/* Begin PBXContainerItemProxy section */
		8E52AA2629958CC30043E156 /* PBXContainerItemProxy */ = {
			isa = PBXContainerItemProxy;
			containerPortal = 8E52AA0D29958CBF0043E156 /* Project object */;
			proxyType = 1;
			remoteGlobalIDString = 8E52AA1429958CBF0043E156;
			remoteInfo = "Bucket List App";
		};
		8E52AA3029958CC30043E156 /* PBXContainerItemProxy */ = {
			isa = PBXContainerItemProxy;
			containerPortal = 8E52AA0D29958CBF0043E156 /* Project object */;
			proxyType = 1;
			remoteGlobalIDString = 8E52AA1429958CBF0043E156;
			remoteInfo = "Bucket List App";
		};
/* End PBXContainerItemProxy section */

/* Begin PBXFileReference section */
		8E52AA1529958CBF0043E156 /* Bucket List App.app */ = {isa = PBXFileReference; explicitFileType = wrapper.application; includeInIndex = 0; path = "Bucket List App.app"; sourceTree = BUILT_PRODUCTS_DIR; };
		8E52AA1829958CBF0043E156 /* Bucket_List_AppApp.swift */ = {isa = PBXFileReference; lastKnownFileType = sourcecode.swift; path = Bucket_List_AppApp.swift; sourceTree = "<group>"; };
		8E52AA1A29958CBF0043E156 /* ContentView.swift */ = {isa = PBXFileReference; lastKnownFileType = sourcecode.swift; path = ContentView.swift; sourceTree = "<group>"; };
		8E52AA1C29958CC30043E156 /* Assets.xcassets */ = {isa = PBXFileReference; lastKnownFileType = folder.assetcatalog; path = Assets.xcassets; sourceTree = "<group>"; };
		8E52AA1F29958CC30043E156 /* Preview Assets.xcassets */ = {isa = PBXFileReference; lastKnownFileType = folder.assetcatalog; path = "Preview Assets.xcassets"; sourceTree = "<group>"; };
		8E52AA2529958CC30043E156 /* Bucket List AppTests.xctest */ = {isa = PBXFileReference; explicitFileType = wrapper.cfbundle; includeInIndex = 0; path = "Bucket List AppTests.xctest"; sourceTree = BUILT_PRODUCTS_DIR; };
		8E52AA2929958CC30043E156 /* Bucket_List_AppTests.swift */ = {isa = PBXFileReference; lastKnownFileType = sourcecode.swift; path = Bucket_List_AppTests.swift; sourceTree = "<group>"; };
		8E52AA2F29958CC30043E156 /* Bucket List AppUITests.xctest */ = {isa = PBXFileReference; explicitFileType = wrapper.cfbundle; includeInIndex = 0; path = "Bucket List AppUITests.xctest"; sourceTree = BUILT_PRODUCTS_DIR; };
		8E52AA3329958CC30043E156 /* Bucket_List_AppUITests.swift */ = {isa = PBXFileReference; lastKnownFileType = sourcecode.swift; path = Bucket_List_AppUITests.swift; sourceTree = "<group>"; };
		8E52AA3529958CC30043E156 /* Bucket_List_AppUITestsLaunchTests.swift */ = {isa = PBXFileReference; lastKnownFileType = sourcecode.swift; path = Bucket_List_AppUITestsLaunchTests.swift; sourceTree = "<group>"; };
		8E52AA4229958E0A0043E156 /* Location.swift */ = {isa = PBXFileReference; lastKnownFileType = sourcecode.swift; path = Location.swift; sourceTree = "<group>"; };
		8E52AA442995978C0043E156 /* EditView.swift */ = {isa = PBXFileReference; lastKnownFileType = sourcecode.swift; path = EditView.swift; sourceTree = "<group>"; };
/* End PBXFileReference section */

/* Begin PBXFrameworksBuildPhase section */
		8E52AA1229958CBF0043E156 /* Frameworks */ = {
			isa = PBXFrameworksBuildPhase;
			buildActionMask = 2147483647;
			files = (
			);
			runOnlyForDeploymentPostprocessing = 0;
		};
		8E52AA2229958CC30043E156 /* Frameworks */ = {
			isa = PBXFrameworksBuildPhase;
			buildActionMask = 2147483647;
			files = (
			);
			runOnlyForDeploymentPostprocessing = 0;
		};
		8E52AA2C29958CC30043E156 /* Frameworks */ = {
			isa = PBXFrameworksBuildPhase;
			buildActionMask = 2147483647;
			files = (
			);
			runOnlyForDeploymentPostprocessing = 0;
		};
/* End PBXFrameworksBuildPhase section */

/* Begin PBXGroup section */
		8E52AA0C29958CBF0043E156 = {
			isa = PBXGroup;
			children = (
				8E52AA1729958CBF0043E156 /* Bucket List App */,
				8E52AA2829958CC30043E156 /* Bucket List AppTests */,
				8E52AA3229958CC30043E156 /* Bucket List AppUITests */,
				8E52AA1629958CBF0043E156 /* Products */,
			);
			sourceTree = "<group>";
		};
		8E52AA1629958CBF0043E156 /* Products */ = {
			isa = PBXGroup;
			children = (
				8E52AA1529958CBF0043E156 /* Bucket List App.app */,
				8E52AA2529958CC30043E156 /* Bucket List AppTests.xctest */,
				8E52AA2F29958CC30043E156 /* Bucket List AppUITests.xctest */,
			);
			name = Products;
			sourceTree = "<group>";
		};
		8E52AA1729958CBF0043E156 /* Bucket List App */ = {
			isa = PBXGroup;
			children = (
				8E52AA1829958CBF0043E156 /* Bucket_List_AppApp.swift */,
				8E52AA1A29958CBF0043E156 /* ContentView.swift */,
				8E52AA442995978C0043E156 /* EditView.swift */,
				8E52AA4229958E0A0043E156 /* Location.swift */,
				8E52AA1C29958CC30043E156 /* Assets.xcassets */,
				8E52AA1E29958CC30043E156 /* Preview Content */,
			);
			path = "Bucket List App";
			sourceTree = "<group>";
		};
		8E52AA1E29958CC30043E156 /* Preview Content */ = {
			isa = PBXGroup;
			children = (
				8E52AA1F29958CC30043E156 /* Preview Assets.xcassets */,
			);
			path = "Preview Content";
			sourceTree = "<group>";
		};
		8E52AA2829958CC30043E156 /* Bucket List AppTests */ = {
			isa = PBXGroup;
			children = (
				8E52AA2929958CC30043E156 /* Bucket_List_AppTests.swift */,
			);
			path = "Bucket List AppTests";
			sourceTree = "<group>";
		};
		8E52AA3229958CC30043E156 /* Bucket List AppUITests */ = {
			isa = PBXGroup;
			children = (
				8E52AA3329958CC30043E156 /* Bucket_List_AppUITests.swift */,
				8E52AA3529958CC30043E156 /* Bucket_List_AppUITestsLaunchTests.swift */,
			);
			path = "Bucket List AppUITests";
			sourceTree = "<group>";
		};
/* End PBXGroup section */

/* Begin PBXNativeTarget section */
		8E52AA1429958CBF0043E156 /* Bucket List App */ = {
			isa = PBXNativeTarget;
			buildConfigurationList = 8E52AA3929958CC30043E156 /* Build configuration list for PBXNativeTarget "Bucket List App" */;
			buildPhases = (
				8E52AA1129958CBF0043E156 /* Sources */,
				8E52AA1229958CBF0043E156 /* Frameworks */,
				8E52AA1329958CBF0043E156 /* Resources */,
			);
			buildRules = (
			);
			dependencies = (
			);
			name = "Bucket List App";
			productName = "Bucket List App";
			productReference = 8E52AA1529958CBF0043E156 /* Bucket List App.app */;
			productType = "com.apple.product-type.application";
		};
		8E52AA2429958CC30043E156 /* Bucket List AppTests */ = {
			isa = PBXNativeTarget;
			buildConfigurationList = 8E52AA3C29958CC30043E156 /* Build configuration list for PBXNativeTarget "Bucket List AppTests" */;
			buildPhases = (
				8E52AA2129958CC30043E156 /* Sources */,
				8E52AA2229958CC30043E156 /* Frameworks */,
				8E52AA2329958CC30043E156 /* Resources */,
			);
			buildRules = (
			);
			dependencies = (
				8E52AA2729958CC30043E156 /* PBXTargetDependency */,
			);
			name = "Bucket List AppTests";
			productName = "Bucket List AppTests";
			productReference = 8E52AA2529958CC30043E156 /* Bucket List AppTests.xctest */;
			productType = "com.apple.product-type.bundle.unit-test";
		};
		8E52AA2E29958CC30043E156 /* Bucket List AppUITests */ = {
			isa = PBXNativeTarget;
			buildConfigurationList = 8E52AA3F29958CC30043E156 /* Build configuration list for PBXNativeTarget "Bucket List AppUITests" */;
			buildPhases = (
				8E52AA2B29958CC30043E156 /* Sources */,
				8E52AA2C29958CC30043E156 /* Frameworks */,
				8E52AA2D29958CC30043E156 /* Resources */,
			);
			buildRules = (
			);
			dependencies = (
				8E52AA3129958CC30043E156 /* PBXTargetDependency */,
			);
			name = "Bucket List AppUITests";
			productName = "Bucket List AppUITests";
			productReference = 8E52AA2F29958CC30043E156 /* Bucket List AppUITests.xctest */;
			productType = "com.apple.product-type.bundle.ui-testing";
		};
/* End PBXNativeTarget section */

/* Begin PBXProject section */
		8E52AA0D29958CBF0043E156 /* Project object */ = {
			isa = PBXProject;
			attributes = {
				BuildIndependentTargetsInParallel = 1;
				LastSwiftUpdateCheck = 1340;
				LastUpgradeCheck = 1340;
				TargetAttributes = {
					8E52AA1429958CBF0043E156 = {
						CreatedOnToolsVersion = 13.4.1;
					};
					8E52AA2429958CC30043E156 = {
						CreatedOnToolsVersion = 13.4.1;
						TestTargetID = 8E52AA1429958CBF0043E156;
					};
					8E52AA2E29958CC30043E156 = {
						CreatedOnToolsVersion = 13.4.1;
						TestTargetID = 8E52AA1429958CBF0043E156;
					};
				};
			};
			buildConfigurationList = 8E52AA1029958CBF0043E156 /* Build configuration list for PBXProject "Bucket List App" */;
			compatibilityVersion = "Xcode 13.0";
			developmentRegion = en;
			hasScannedForEncodings = 0;
			knownRegions = (
				en,
				Base,
			);
			mainGroup = 8E52AA0C29958CBF0043E156;
			productRefGroup = 8E52AA1629958CBF0043E156 /* Products */;
			projectDirPath = "";
			projectRoot = "";
			targets = (
				8E52AA1429958CBF0043E156 /* Bucket List App */,
				8E52AA2429958CC30043E156 /* Bucket List AppTests */,
				8E52AA2E29958CC30043E156 /* Bucket List AppUITests */,
			);
		};
/* End PBXProject section */

/* Begin PBXResourcesBuildPhase section */
		8E52AA1329958CBF0043E156 /* Resources */ = {
			isa = PBXResourcesBuildPhase;
			buildActionMask = 2147483647;
			files = (
				8E52AA2029958CC30043E156 /* Preview Assets.xcassets in Resources */,
				8E52AA1D29958CC30043E156 /* Assets.xcassets in Resources */,
			);
			runOnlyForDeploymentPostprocessing = 0;
		};
		8E52AA2329958CC30043E156 /* Resources */ = {
			isa = PBXResourcesBuildPhase;
			buildActionMask = 2147483647;
			files = (
			);
			runOnlyForDeploymentPostprocessing = 0;
		};
		8E52AA2D29958CC30043E156 /* Resources */ = {
			isa = PBXResourcesBuildPhase;
			buildActionMask = 2147483647;
			files = (
			);
			runOnlyForDeploymentPostprocessing = 0;
		};
/* End PBXResourcesBuildPhase section */

/* Begin PBXSourcesBuildPhase section */
		8E52AA1129958CBF0043E156 /* Sources */ = {
			isa = PBXSourcesBuildPhase;
			buildActionMask = 2147483647;
			files = (
				8E52AA1B29958CBF0043E156 /* ContentView.swift in Sources */,
				8E52AA4329958E0A0043E156 /* Location.swift in Sources */,
				8E52AA452995978C0043E156 /* EditView.swift in Sources */,
				8E52AA1929958CBF0043E156 /* Bucket_List_AppApp.swift in Sources */,
			);
			runOnlyForDeploymentPostprocessing = 0;
		};
		8E52AA2129958CC30043E156 /* Sources */ = {
			isa = PBXSourcesBuildPhase;
			buildActionMask = 2147483647;
			files = (
				8E52AA2A29958CC30043E156 /* Bucket_List_AppTests.swift in Sources */,
			);
			runOnlyForDeploymentPostprocessing = 0;
		};
		8E52AA2B29958CC30043E156 /* Sources */ = {
			isa = PBXSourcesBuildPhase;
			buildActionMask = 2147483647;
			files = (
				8E52AA3629958CC30043E156 /* Bucket_List_AppUITestsLaunchTests.swift in Sources */,
				8E52AA3429958CC30043E156 /* Bucket_List_AppUITests.swift in Sources */,
			);
			runOnlyForDeploymentPostprocessing = 0;
		};
/* End PBXSourcesBuildPhase section */

/* Begin PBXTargetDependency section */
		8E52AA2729958CC30043E156 /* PBXTargetDependency */ = {
			isa = PBXTargetDependency;
			target = 8E52AA1429958CBF0043E156 /* Bucket List App */;
			targetProxy = 8E52AA2629958CC30043E156 /* PBXContainerItemProxy */;
		};
		8E52AA3129958CC30043E156 /* PBXTargetDependency */ = {
			isa = PBXTargetDependency;
			target = 8E52AA1429958CBF0043E156 /* Bucket List App */;
			targetProxy = 8E52AA3029958CC30043E156 /* PBXContainerItemProxy */;
		};
/* End PBXTargetDependency section */

/* Begin XCBuildConfiguration section */
		8E52AA3729958CC30043E156 /* Debug */ = {
			isa = XCBuildConfiguration;
			buildSettings = {
				ALWAYS_SEARCH_USER_PATHS = NO;
				CLANG_ANALYZER_NONNULL = YES;
				CLANG_ANALYZER_NUMBER_OBJECT_CONVERSION = YES_AGGRESSIVE;
				CLANG_CXX_LANGUAGE_STANDARD = "gnu++17";
				CLANG_ENABLE_MODULES = YES;
				CLANG_ENABLE_OBJC_ARC = YES;
				CLANG_ENABLE_OBJC_WEAK = YES;
				CLANG_WARN_BLOCK_CAPTURE_AUTORELEASING = YES;
				CLANG_WARN_BOOL_CONVERSION = YES;
				CLANG_WARN_COMMA = YES;
				CLANG_WARN_CONSTANT_CONVERSION = YES;
				CLANG_WARN_DEPRECATED_OBJC_IMPLEMENTATIONS = YES;
				CLANG_WARN_DIRECT_OBJC_ISA_USAGE = YES_ERROR;
				CLANG_WARN_DOCUMENTATION_COMMENTS = YES;
				CLANG_WARN_EMPTY_BODY = YES;
				CLANG_WARN_ENUM_CONVERSION = YES;
				CLANG_WARN_INFINITE_RECURSION = YES;
				CLANG_WARN_INT_CONVERSION = YES;
				CLANG_WARN_NON_LITERAL_NULL_CONVERSION = YES;
				CLANG_WARN_OBJC_IMPLICIT_RETAIN_SELF = YES;
				CLANG_WARN_OBJC_LITERAL_CONVERSION = YES;
				CLANG_WARN_OBJC_ROOT_CLASS = YES_ERROR;
				CLANG_WARN_QUOTED_INCLUDE_IN_FRAMEWORK_HEADER = YES;
				CLANG_WARN_RANGE_LOOP_ANALYSIS = YES;
				CLANG_WARN_STRICT_PROTOTYPES = YES;
				CLANG_WARN_SUSPICIOUS_MOVE = YES;
				CLANG_WARN_UNGUARDED_AVAILABILITY = YES_AGGRESSIVE;
				CLANG_WARN_UNREACHABLE_CODE = YES;
				CLANG_WARN__DUPLICATE_METHOD_MATCH = YES;
				COPY_PHASE_STRIP = NO;
				DEBUG_INFORMATION_FORMAT = dwarf;
				ENABLE_STRICT_OBJC_MSGSEND = YES;
				ENABLE_TESTABILITY = YES;
				GCC_C_LANGUAGE_STANDARD = gnu11;
				GCC_DYNAMIC_NO_PIC = NO;
				GCC_NO_COMMON_BLOCKS = YES;
				GCC_OPTIMIZATION_LEVEL = 0;
				GCC_PREPROCESSOR_DEFINITIONS = (
					"DEBUG=1",
					"$(inherited)",
				);
				GCC_WARN_64_TO_32_BIT_CONVERSION = YES;
				GCC_WARN_ABOUT_RETURN_TYPE = YES_ERROR;
				GCC_WARN_UNDECLARED_SELECTOR = YES;
				GCC_WARN_UNINITIALIZED_AUTOS = YES_AGGRESSIVE;
				GCC_WARN_UNUSED_FUNCTION = YES;
				GCC_WARN_UNUSED_VARIABLE = YES;
				IPHONEOS_DEPLOYMENT_TARGET = 15.5;
				MTL_ENABLE_DEBUG_INFO = INCLUDE_SOURCE;
				MTL_FAST_MATH = YES;
				ONLY_ACTIVE_ARCH = YES;
				SDKROOT = iphoneos;
				SWIFT_ACTIVE_COMPILATION_CONDITIONS = DEBUG;
				SWIFT_OPTIMIZATION_LEVEL = "-Onone";
			};
			name = Debug;
		};
		8E52AA3829958CC30043E156 /* Release */ = {
			isa = XCBuildConfiguration;
			buildSettings = {
				ALWAYS_SEARCH_USER_PATHS = NO;
				CLANG_ANALYZER_NONNULL = YES;
				CLANG_ANALYZER_NUMBER_OBJECT_CONVERSION = YES_AGGRESSIVE;
				CLANG_CXX_LANGUAGE_STANDARD = "gnu++17";
				CLANG_ENABLE_MODULES = YES;
				CLANG_ENABLE_OBJC_ARC = YES;
				CLANG_ENABLE_OBJC_WEAK = YES;
				CLANG_WARN_BLOCK_CAPTURE_AUTORELEASING = YES;
				CLANG_WARN_BOOL_CONVERSION = YES;
				CLANG_WARN_COMMA = YES;
				CLANG_WARN_CONSTANT_CONVERSION = YES;
				CLANG_WARN_DEPRECATED_OBJC_IMPLEMENTATIONS = YES;
				CLANG_WARN_DIRECT_OBJC_ISA_USAGE = YES_ERROR;
				CLANG_WARN_DOCUMENTATION_COMMENTS = YES;
				CLANG_WARN_EMPTY_BODY = YES;
				CLANG_WARN_ENUM_CONVERSION = YES;
				CLANG_WARN_INFINITE_RECURSION = YES;
				CLANG_WARN_INT_CONVERSION = YES;
				CLANG_WARN_NON_LITERAL_NULL_CONVERSION = YES;
				CLANG_WARN_OBJC_IMPLICIT_RETAIN_SELF = YES;
				CLANG_WARN_OBJC_LITERAL_CONVERSION = YES;
				CLANG_WARN_OBJC_ROOT_CLASS = YES_ERROR;
				CLANG_WARN_QUOTED_INCLUDE_IN_FRAMEWORK_HEADER = YES;
				CLANG_WARN_RANGE_LOOP_ANALYSIS = YES;
				CLANG_WARN_STRICT_PROTOTYPES = YES;
				CLANG_WARN_SUSPICIOUS_MOVE = YES;
				CLANG_WARN_UNGUARDED_AVAILABILITY = YES_AGGRESSIVE;
				CLANG_WARN_UNREACHABLE_CODE = YES;
				CLANG_WARN__DUPLICATE_METHOD_MATCH = YES;
				COPY_PHASE_STRIP = NO;
				DEBUG_INFORMATION_FORMAT = "dwarf-with-dsym";
				ENABLE_NS_ASSERTIONS = NO;
				ENABLE_STRICT_OBJC_MSGSEND = YES;
				GCC_C_LANGUAGE_STANDARD = gnu11;
				GCC_NO_COMMON_BLOCKS = YES;
				GCC_WARN_64_TO_32_BIT_CONVERSION = YES;
				GCC_WARN_ABOUT_RETURN_TYPE = YES_ERROR;
				GCC_WARN_UNDECLARED_SELECTOR = YES;
				GCC_WARN_UNINITIALIZED_AUTOS = YES_AGGRESSIVE;
				GCC_WARN_UNUSED_FUNCTION = YES;
				GCC_WARN_UNUSED_VARIABLE = YES;
				IPHONEOS_DEPLOYMENT_TARGET = 15.5;
				MTL_ENABLE_DEBUG_INFO = NO;
				MTL_FAST_MATH = YES;
				SDKROOT = iphoneos;
				SWIFT_COMPILATION_MODE = wholemodule;
				SWIFT_OPTIMIZATION_LEVEL = "-O";
				VALIDATE_PRODUCT = YES;
			};
			name = Release;
		};
		8E52AA3A29958CC30043E156 /* Debug */ = {
			isa = XCBuildConfiguration;
			buildSettings = {
				ASSETCATALOG_COMPILER_APPICON_NAME = AppIcon;
				ASSETCATALOG_COMPILER_GLOBAL_ACCENT_COLOR_NAME = AccentColor;
				CODE_SIGN_STYLE = Automatic;
				CURRENT_PROJECT_VERSION = 1;
				DEVELOPMENT_ASSET_PATHS = "\"Bucket List App/Preview Content\"";
				DEVELOPMENT_TEAM = C493VDTW7S;
				ENABLE_PREVIEWS = YES;
				GENERATE_INFOPLIST_FILE = YES;
				INFOPLIST_KEY_UIApplicationSceneManifest_Generation = YES;
				INFOPLIST_KEY_UIApplicationSupportsIndirectInputEvents = YES;
				INFOPLIST_KEY_UILaunchScreen_Generation = YES;
				INFOPLIST_KEY_UISupportedInterfaceOrientations_iPad = "UIInterfaceOrientationPortrait UIInterfaceOrientationPortraitUpsideDown UIInterfaceOrientationLandscapeLeft UIInterfaceOrientationLandscapeRight";
				INFOPLIST_KEY_UISupportedInterfaceOrientations_iPhone = "UIInterfaceOrientationPortrait UIInterfaceOrientationLandscapeLeft UIInterfaceOrientationLandscapeRight";
				LD_RUNPATH_SEARCH_PATHS = (
					"$(inherited)",
					"@executable_path/Frameworks",
				);
				MARKETING_VERSION = 1.0;
				PRODUCT_BUNDLE_IDENTIFIER = "calmdays.Bucket-List-App";
				PRODUCT_NAME = "$(TARGET_NAME)";
				SWIFT_EMIT_LOC_STRINGS = YES;
				SWIFT_VERSION = 5.0;
				TARGETED_DEVICE_FAMILY = "1,2";
			};
			name = Debug;
		};
		8E52AA3B29958CC30043E156 /* Release */ = {
			isa = XCBuildConfiguration;
			buildSettings = {
				ASSETCATALOG_COMPILER_APPICON_NAME = AppIcon;
				ASSETCATALOG_COMPILER_GLOBAL_ACCENT_COLOR_NAME = AccentColor;
				CODE_SIGN_STYLE = Automatic;
				CURRENT_PROJECT_VERSION = 1;
				DEVELOPMENT_ASSET_PATHS = "\"Bucket List App/Preview Content\"";
				DEVELOPMENT_TEAM = C493VDTW7S;
				ENABLE_PREVIEWS = YES;
				GENERATE_INFOPLIST_FILE = YES;
				INFOPLIST_KEY_UIApplicationSceneManifest_Generation = YES;
				INFOPLIST_KEY_UIApplicationSupportsIndirectInputEvents = YES;
				INFOPLIST_KEY_UILaunchScreen_Generation = YES;
				INFOPLIST_KEY_UISupportedInterfaceOrientations_iPad = "UIInterfaceOrientationPortrait UIInterfaceOrientationPortraitUpsideDown UIInterfaceOrientationLandscapeLeft UIInterfaceOrientationLandscapeRight";
				INFOPLIST_KEY_UISupportedInterfaceOrientations_iPhone = "UIInterfaceOrientationPortrait UIInterfaceOrientationLandscapeLeft UIInterfaceOrientationLandscapeRight";
				LD_RUNPATH_SEARCH_PATHS = (
					"$(inherited)",
					"@executable_path/Frameworks",
				);
				MARKETING_VERSION = 1.0;
				PRODUCT_BUNDLE_IDENTIFIER = "calmdays.Bucket-List-App";
				PRODUCT_NAME = "$(TARGET_NAME)";
				SWIFT_EMIT_LOC_STRINGS = YES;
				SWIFT_VERSION = 5.0;
				TARGETED_DEVICE_FAMILY = "1,2";
			};
			name = Release;
		};
		8E52AA3D29958CC30043E156 /* Debug */ = {
			isa = XCBuildConfiguration;
			buildSettings = {
				ALWAYS_EMBED_SWIFT_STANDARD_LIBRARIES = YES;
				BUNDLE_LOADER = "$(TEST_HOST)";
				CODE_SIGN_STYLE = Automatic;
				CURRENT_PROJECT_VERSION = 1;
				DEVELOPMENT_TEAM = C493VDTW7S;
				GENERATE_INFOPLIST_FILE = YES;
				IPHONEOS_DEPLOYMENT_TARGET = 15.5;
				MARKETING_VERSION = 1.0;
				PRODUCT_BUNDLE_IDENTIFIER = "calmdays.Bucket-List-AppTests";
				PRODUCT_NAME = "$(TARGET_NAME)";
				SWIFT_EMIT_LOC_STRINGS = NO;
				SWIFT_VERSION = 5.0;
				TARGETED_DEVICE_FAMILY = "1,2";
				TEST_HOST = "$(BUILT_PRODUCTS_DIR)/Bucket List App.app/Bucket List App";
			};
			name = Debug;
		};
		8E52AA3E29958CC30043E156 /* Release */ = {
			isa = XCBuildConfiguration;
			buildSettings = {
				ALWAYS_EMBED_SWIFT_STANDARD_LIBRARIES = YES;
				BUNDLE_LOADER = "$(TEST_HOST)";
				CODE_SIGN_STYLE = Automatic;
				CURRENT_PROJECT_VERSION = 1;
				DEVELOPMENT_TEAM = C493VDTW7S;
				GENERATE_INFOPLIST_FILE = YES;
				IPHONEOS_DEPLOYMENT_TARGET = 15.5;
				MARKETING_VERSION = 1.0;
				PRODUCT_BUNDLE_IDENTIFIER = "calmdays.Bucket-List-AppTests";
				PRODUCT_NAME = "$(TARGET_NAME)";
				SWIFT_EMIT_LOC_STRINGS = NO;
				SWIFT_VERSION = 5.0;
				TARGETED_DEVICE_FAMILY = "1,2";
				TEST_HOST = "$(BUILT_PRODUCTS_DIR)/Bucket List App.app/Bucket List App";
			};
			name = Release;
		};
		8E52AA4029958CC30043E156 /* Debug */ = {
			isa = XCBuildConfiguration;
			buildSettings = {
				ALWAYS_EMBED_SWIFT_STANDARD_LIBRARIES = YES;
				CODE_SIGN_STYLE = Automatic;
				CURRENT_PROJECT_VERSION = 1;
				DEVELOPMENT_TEAM = C493VDTW7S;
				GENERATE_INFOPLIST_FILE = YES;
				MARKETING_VERSION = 1.0;
				PRODUCT_BUNDLE_IDENTIFIER = "calmdays.Bucket-List-AppUITests";
				PRODUCT_NAME = "$(TARGET_NAME)";
				SWIFT_EMIT_LOC_STRINGS = NO;
				SWIFT_VERSION = 5.0;
				TARGETED_DEVICE_FAMILY = "1,2";
				TEST_TARGET_NAME = "Bucket List App";
			};
			name = Debug;
		};
		8E52AA4129958CC30043E156 /* Release */ = {
			isa = XCBuildConfiguration;
			buildSettings = {
				ALWAYS_EMBED_SWIFT_STANDARD_LIBRARIES = YES;
				CODE_SIGN_STYLE = Automatic;
				CURRENT_PROJECT_VERSION = 1;
				DEVELOPMENT_TEAM = C493VDTW7S;
				GENERATE_INFOPLIST_FILE = YES;
				MARKETING_VERSION = 1.0;
				PRODUCT_BUNDLE_IDENTIFIER = "calmdays.Bucket-List-AppUITests";
				PRODUCT_NAME = "$(TARGET_NAME)";
				SWIFT_EMIT_LOC_STRINGS = NO;
				SWIFT_VERSION = 5.0;
				TARGETED_DEVICE_FAMILY = "1,2";
				TEST_TARGET_NAME = "Bucket List App";
			};
			name = Release;
		};
/* End XCBuildConfiguration section */

/* Begin XCConfigurationList section */
		8E52AA1029958CBF0043E156 /* Build configuration list for PBXProject "Bucket List App" */ = {
			isa = XCConfigurationList;
			buildConfigurations = (
				8E52AA3729958CC30043E156 /* Debug */,
				8E52AA3829958CC30043E156 /* Release */,
			);
			defaultConfigurationIsVisible = 0;
			defaultConfigurationName = Release;
		};
		8E52AA3929958CC30043E156 /* Build configuration list for PBXNativeTarget "Bucket List App" */ = {
			isa = XCConfigurationList;
			buildConfigurations = (
				8E52AA3A29958CC30043E156 /* Debug */,
				8E52AA3B29958CC30043E156 /* Release */,
			);
			defaultConfigurationIsVisible = 0;
			defaultConfigurationName = Release;
		};
		8E52AA3C29958CC30043E156 /* Build configuration list for PBXNativeTarget "Bucket List AppTests" */ = {
			isa = XCConfigurationList;
			buildConfigurations = (
				8E52AA3D29958CC30043E156 /* Debug */,
				8E52AA3E29958CC30043E156 /* Release */,
			);
			defaultConfigurationIsVisible = 0;
			defaultConfigurationName = Release;
		};
		8E52AA3F29958CC30043E156 /* Build configuration list for PBXNativeTarget "Bucket List AppUITests" */ = {
			isa = XCConfigurationList;
			buildConfigurations = (
				8E52AA4029958CC30043E156 /* Debug */,
				8E52AA4129958CC30043E156 /* Release */,
			);
			defaultConfigurationIsVisible = 0;
			defaultConfigurationName = Release;
		};
/* End XCConfigurationList section */
	};
	rootObject = 8E52AA0D29958CBF0043E156 /* Project object */;
}
